# This file is automatically @generated by Cargo.
# It is not intended for manual editing.
version = 4

[[package]]
name = "init"
version = "0.1.0"
dependencies = [
 "stenzel_libc",
]

[[package]]
name = "sh"
version = "0.1.0"
dependencies = [
 "stenzel_libc",
]

[[package]]
name = "stenzel_libc"
version = "0.1.0"
